
Microsoft Visual Studio Solution File, Format Version 12.00
# Visual Studio Version 17
VisualStudioVersion = 17.10.34607.79
MinimumVisualStudioVersion = 10.0.40219.1
Project("{9A19103F-16F7-4668-BE54-9A1E7A4F7556}") = "SupportTicketApi", "SupportTicketApi\SupportTicketApi.csproj", "{9A6C4149-FC37-40D3-BDB2-5D2FC06867B7}"
EndProject
Project("{FAE04EC0-301F-11D3-BF4B-00C04F79EFBC}") = "SupportTicketApi.AppHost", "SupportTicketApi.AppHost\SupportTicketApi.AppHost.csproj", "{38CCB678-F04D-4BCF-A01E-9A5858BE9FD0}"
EndProject
Project("{9A19103F-16F7-4668-BE54-9A1E7A4F7556}") = "SupportTicketApi.ServiceDefaults", "SupportTicketApi.ServiceDefaults\SupportTicketApi.ServiceDefaults.csproj", "{29ACC2FB-A46B-438A-806D-12FD8633358B}"
EndProject
Global
	GlobalSection(SolutionConfigurationPlatforms) = preSolution
		Debug|Any CPU = Debug|Any CPU
		Release|Any CPU = Release|Any CPU
	EndGlobalSection
	GlobalSection(ProjectConfigurationPlatforms) = postSolution
		{9A6C4149-FC37-40D3-BDB2-5D2FC06867B7}.Debug|Any CPU.ActiveCfg = Debug|Any CPU
		{9A6C4149-FC37-40D3-BDB2-5D2FC06867B7}.Debug|Any CPU.Build.0 = Debug|Any CPU
		{9A6C4149-FC37-40D3-BDB2-5D2FC06867B7}.Release|Any CPU.ActiveCfg = Release|Any CPU
		{9A6C4149-FC37-40D3-BDB2-5D2FC06867B7}.Release|Any CPU.Build.0 = Release|Any CPU
		{38CCB678-F04D-4BCF-A01E-9A5858BE9FD0}.Debug|Any CPU.ActiveCfg = Debug|Any CPU
		{38CCB678-F04D-4BCF-A01E-9A5858BE9FD0}.Debug|Any CPU.Build.0 = Debug|Any CPU
		{38CCB678-F04D-4BCF-A01E-9A5858BE9FD0}.Release|Any CPU.ActiveCfg = Release|Any CPU
		{38CCB678-F04D-4BCF-A01E-9A5858BE9FD0}.Release|Any CPU.Build.0 = Release|Any CPU
		{29ACC2FB-A46B-438A-806D-12FD8633358B}.Debug|Any CPU.ActiveCfg = Debug|Any CPU
		{29ACC2FB-A46B-438A-806D-12FD8633358B}.Debug|Any CPU.Build.0 = Debug|Any CPU
		{29ACC2FB-A46B-438A-806D-12FD8633358B}.Release|Any CPU.ActiveCfg = Release|Any CPU
		{29ACC2FB-A46B-438A-806D-12FD8633358B}.Release|Any CPU.Build.0 = Release|Any CPU
	EndGlobalSection
	GlobalSection(SolutionProperties) = preSolution
		HideSolutionNode = FALSE
	EndGlobalSection
	GlobalSection(ExtensibilityGlobals) = postSolution
		SolutionGuid = {A1C363C6-A78E-4446-B26C-977DA5B19EFA}
	EndGlobalSection
EndGlobal
